
Microsoft Visual Studio Solution File, Format Version 12.00
# Visual Studio Version 17
VisualStudioVersion = 17.9.34728.123
MinimumVisualStudioVersion = 10.0.40219.1
Project("{FAE04EC0-301F-11D3-BF4B-00C04F79EFBC}") = "Msg_alarm", "Msg_alarm.csproj", "{486DDCB5-3918-4D09-8C8F-A5E6D3063BEA}"
EndProject
Global
	GlobalSection(SolutionConfigurationPlatforms) = preSolution
		Debug|Any CPU = Debug|Any CPU
		Release|Any CPU = Release|Any CPU
	EndGlobalSection
	GlobalSection(ProjectConfigurationPlatforms) = postSolution
		{486DDCB5-3918-4D09-8C8F-A5E6D3063BEA}.Debug|Any CPU.ActiveCfg = Debug|Any CPU
		{486DDCB5-3918-4D09-8C8F-A5E6D3063BEA}.Debug|Any CPU.Build.0 = Debug|Any CPU
		{486DDCB5-3918-4D09-8C8F-A5E6D3063BEA}.Release|Any CPU.ActiveCfg = Release|Any CPU
		{486DDCB5-3918-4D09-8C8F-A5E6D3063BEA}.Release|Any CPU.Build.0 = Release|Any CPU
	EndGlobalSection
	GlobalSection(SolutionProperties) = preSolution
		HideSolutionNode = FALSE
	EndGlobalSection
	GlobalSection(ExtensibilityGlobals) = postSolution
		SolutionGuid = {F145FF78-69A8-4F18-98C9-591822E5028F}
	EndGlobalSection
EndGlobal
